
Microsoft Visual Studio Solution File, Format Version 12.00
# Visual Studio 14
VisualStudioVersion = 14.0.25420.1
MinimumVisualStudioVersion = 10.0.40219.1
Project("{FAE04EC0-301F-11D3-BF4B-00C04F79EFBC}") = "Z-Market", "Z-Market\Z-Market.csproj", "{A29D2FF8-839B-4479-AE74-D3C9EB492A77}"
EndProject
Project("{FAE04EC0-301F-11D3-BF4B-00C04F79EFBC}") = "Z-Market.Tests", "Z-Market.Tests\Z-Market.Tests.csproj", "{CB33B41B-A4B9-4822-A9A5-1D2764B461F5}"
EndProject
Global
	GlobalSection(SolutionConfigurationPlatforms) = preSolution
		Debug|Any CPU = Debug|Any CPU
		Release|Any CPU = Release|Any CPU
	EndGlobalSection
	GlobalSection(ProjectConfigurationPlatforms) = postSolution
		{A29D2FF8-839B-4479-AE74-D3C9EB492A77}.Debug|Any CPU.ActiveCfg = Debug|Any CPU
		{A29D2FF8-839B-4479-AE74-D3C9EB492A77}.Debug|Any CPU.Build.0 = Debug|Any CPU
		{A29D2FF8-839B-4479-AE74-D3C9EB492A77}.Release|Any CPU.ActiveCfg = Release|Any CPU
		{A29D2FF8-839B-4479-AE74-D3C9EB492A77}.Release|Any CPU.Build.0 = Release|Any CPU
		{CB33B41B-A4B9-4822-A9A5-1D2764B461F5}.Debug|Any CPU.ActiveCfg = Debug|Any CPU
		{CB33B41B-A4B9-4822-A9A5-1D2764B461F5}.Debug|Any CPU.Build.0 = Debug|Any CPU
		{CB33B41B-A4B9-4822-A9A5-1D2764B461F5}.Release|Any CPU.ActiveCfg = Release|Any CPU
		{CB33B41B-A4B9-4822-A9A5-1D2764B461F5}.Release|Any CPU.Build.0 = Release|Any CPU
	EndGlobalSection
	GlobalSection(SolutionProperties) = preSolution
		HideSolutionNode = FALSE
	EndGlobalSection
EndGlobal
